
Microsoft Visual Studio Solution File, Format Version 12.00
# Visual Studio 2012
Project("{FAE04EC0-301F-11D3-BF4B-00C04F79EFBC}") = "Hstar.Framework", "Hstar.Framework\Hstar.Framework.csproj", "{4287384D-4F41-4528-8C16-DC9EF33BE669}"
EndProject
Project("{FAE04EC0-301F-11D3-BF4B-00C04F79EFBC}") = "Hstar.Framework.Test", "Hstar.Framework.Test\Hstar.Framework.Test.csproj", "{2B8702D3-DDCD-48E7-A4A5-BAB666B6EB16}"
EndProject
Project("{2150E333-8FDC-42A3-9474-1A3956D46DE8}") = "10-测试类项目", "10-测试类项目", "{6D274A89-7F27-4918-849E-C8F76F47FD97}"
EndProject
Global
	GlobalSection(SolutionConfigurationPlatforms) = preSolution
		Debug|Any CPU = Debug|Any CPU
		Release|Any CPU = Release|Any CPU
	EndGlobalSection
	GlobalSection(ProjectConfigurationPlatforms) = postSolution
		{4287384D-4F41-4528-8C16-DC9EF33BE669}.Debug|Any CPU.ActiveCfg = Debug|Any CPU
		{4287384D-4F41-4528-8C16-DC9EF33BE669}.Debug|Any CPU.Build.0 = Debug|Any CPU
		{4287384D-4F41-4528-8C16-DC9EF33BE669}.Release|Any CPU.ActiveCfg = Release|Any CPU
		{4287384D-4F41-4528-8C16-DC9EF33BE669}.Release|Any CPU.Build.0 = Release|Any CPU
		{2B8702D3-DDCD-48E7-A4A5-BAB666B6EB16}.Debug|Any CPU.ActiveCfg = Debug|Any CPU
		{2B8702D3-DDCD-48E7-A4A5-BAB666B6EB16}.Debug|Any CPU.Build.0 = Debug|Any CPU
		{2B8702D3-DDCD-48E7-A4A5-BAB666B6EB16}.Release|Any CPU.ActiveCfg = Release|Any CPU
		{2B8702D3-DDCD-48E7-A4A5-BAB666B6EB16}.Release|Any CPU.Build.0 = Release|Any CPU
	EndGlobalSection
	GlobalSection(SolutionProperties) = preSolution
		HideSolutionNode = FALSE
	EndGlobalSection
	GlobalSection(NestedProjects) = preSolution
		{2B8702D3-DDCD-48E7-A4A5-BAB666B6EB16} = {6D274A89-7F27-4918-849E-C8F76F47FD97}
	EndGlobalSection
EndGlobal
